
Microsoft Visual Studio Solution File, Format Version 12.00
# Visual Studio Version 16
VisualStudioVersion = 16.0.30621.155
MinimumVisualStudioVersion = 10.0.40219.1
Project("{FAE04EC0-301F-11D3-BF4B-00C04F79EFBC}") = "CustomMarkupExtention.Android", "CustomMarkupExtention\CustomMarkupExtention.Android\CustomMarkupExtention.Android.csproj", "{C0B1CAC1-BBE8-448C-B521-15C124F5A3AF}"
EndProject
Project("{FAE04EC0-301F-11D3-BF4B-00C04F79EFBC}") = "CustomMarkupExtention", "CustomMarkupExtention\CustomMarkupExtention\CustomMarkupExtention.csproj", "{6DF12BF4-8B47-47EF-87FE-DB9A606EA532}"
EndProject
Global
	GlobalSection(SolutionConfigurationPlatforms) = preSolution
		Debug|Any CPU = Debug|Any CPU
		Release|Any CPU = Release|Any CPU
	EndGlobalSection
	GlobalSection(ProjectConfigurationPlatforms) = postSolution
		{C0B1CAC1-BBE8-448C-B521-15C124F5A3AF}.Debug|Any CPU.ActiveCfg = Debug|Any CPU
		{C0B1CAC1-BBE8-448C-B521-15C124F5A3AF}.Debug|Any CPU.Build.0 = Debug|Any CPU
		{C0B1CAC1-BBE8-448C-B521-15C124F5A3AF}.Debug|Any CPU.Deploy.0 = Debug|Any CPU
		{C0B1CAC1-BBE8-448C-B521-15C124F5A3AF}.Release|Any CPU.ActiveCfg = Release|Any CPU
		{C0B1CAC1-BBE8-448C-B521-15C124F5A3AF}.Release|Any CPU.Build.0 = Release|Any CPU
		{C0B1CAC1-BBE8-448C-B521-15C124F5A3AF}.Release|Any CPU.Deploy.0 = Release|Any CPU
		{6DF12BF4-8B47-47EF-87FE-DB9A606EA532}.Debug|Any CPU.ActiveCfg = Debug|Any CPU
		{6DF12BF4-8B47-47EF-87FE-DB9A606EA532}.Debug|Any CPU.Build.0 = Debug|Any CPU
		{6DF12BF4-8B47-47EF-87FE-DB9A606EA532}.Debug|Any CPU.Deploy.0 = Debug|Any CPU
		{6DF12BF4-8B47-47EF-87FE-DB9A606EA532}.Release|Any CPU.ActiveCfg = Release|Any CPU
		{6DF12BF4-8B47-47EF-87FE-DB9A606EA532}.Release|Any CPU.Build.0 = Release|Any CPU
		{6DF12BF4-8B47-47EF-87FE-DB9A606EA532}.Release|Any CPU.Deploy.0 = Release|Any CPU
	EndGlobalSection
	GlobalSection(SolutionProperties) = preSolution
		HideSolutionNode = FALSE
	EndGlobalSection
	GlobalSection(ExtensibilityGlobals) = postSolution
		SolutionGuid = {A0A67EE9-8232-417A-AC1B-A5E0AA2979BE}
	EndGlobalSection
EndGlobal
